
Microsoft Visual Studio Solution File, Format Version 12.00
# Visual Studio 15
Project("{FAE04EC0-301F-11D3-BF4B-00C04F79EFBC}") = "Assembly-CSharp", "Assembly-CSharp.csproj", "{406FFE00-0D46-0A2F-6491-7F71375EFEC6}"
EndProject
Project("{FAE04EC0-301F-11D3-BF4B-00C04F79EFBC}") = "opeious.pokemon3dsto.Editor", "opeious.pokemon3dsto.Editor.csproj", "{162935A8-5053-5226-01CA-46762929F962}"
EndProject
Project("{FAE04EC0-301F-11D3-BF4B-00C04F79EFBC}") = "Assembly-CSharp-Editor", "Assembly-CSharp-Editor.csproj", "{4B78AFA5-90B9-CB40-AC9B-58169D98E524}"
EndProject
Global
	GlobalSection(SolutionConfigurationPlatforms) = preSolution
		Debug|Any CPU = Debug|Any CPU
		Release|Any CPU = Release|Any CPU
	EndGlobalSection
	GlobalSection(ProjectConfigurationPlatforms) = postSolution
		{406FFE00-0D46-0A2F-6491-7F71375EFEC6}.Debug|Any CPU.ActiveCfg = Debug|Any CPU
		{406FFE00-0D46-0A2F-6491-7F71375EFEC6}.Debug|Any CPU.Build.0 = Debug|Any CPU
		{406FFE00-0D46-0A2F-6491-7F71375EFEC6}.Release|Any CPU.ActiveCfg = Release|Any CPU
		{406FFE00-0D46-0A2F-6491-7F71375EFEC6}.Release|Any CPU.Build.0 = Release|Any CPU
		{162935A8-5053-5226-01CA-46762929F962}.Debug|Any CPU.ActiveCfg = Debug|Any CPU
		{162935A8-5053-5226-01CA-46762929F962}.Debug|Any CPU.Build.0 = Debug|Any CPU
		{162935A8-5053-5226-01CA-46762929F962}.Release|Any CPU.ActiveCfg = Release|Any CPU
		{162935A8-5053-5226-01CA-46762929F962}.Release|Any CPU.Build.0 = Release|Any CPU
		{4B78AFA5-90B9-CB40-AC9B-58169D98E524}.Debug|Any CPU.ActiveCfg = Debug|Any CPU
		{4B78AFA5-90B9-CB40-AC9B-58169D98E524}.Debug|Any CPU.Build.0 = Debug|Any CPU
		{4B78AFA5-90B9-CB40-AC9B-58169D98E524}.Release|Any CPU.ActiveCfg = Release|Any CPU
		{4B78AFA5-90B9-CB40-AC9B-58169D98E524}.Release|Any CPU.Build.0 = Release|Any CPU
	EndGlobalSection
	GlobalSection(SolutionProperties) = preSolution
		HideSolutionNode = FALSE
	EndGlobalSection
EndGlobal
